// !$*UTF8*$!
{
	archiveVersion = 1;
	classes = {
	};
	objectVersion = 56;
	objects = {

/* Begin PBXBuildFile section */
		C19A42ED2CB6FA8F00A0E3CF /* AppDelegate.swift in Sources */ = {isa = PBXBuildFile; fileRef = C19A42EC2CB6FA8F00A0E3CF /* AppDelegate.swift */; };
		C19A42EF2CB6FA8F00A0E3CF /* SceneDelegate.swift in Sources */ = {isa = PBXBuildFile; fileRef = C19A42EE2CB6FA8F00A0E3CF /* SceneDelegate.swift */; };
		C19A42F12CB6FA8F00A0E3CF /* ViewController.swift in Sources */ = {isa = PBXBuildFile; fileRef = C19A42F02CB6FA8F00A0E3CF /* ViewController.swift */; };
		C19A42F42CB6FA8F00A0E3CF /* Base in Resources */ = {isa = PBXBuildFile; fileRef = C19A42F32CB6FA8F00A0E3CF /* Base */; };
		C19A42F62CB6FA9000A0E3CF /* Assets.xcassets in Resources */ = {isa = PBXBuildFile; fileRef = C19A42F52CB6FA9000A0E3CF /* Assets.xcassets */; };
		C19A42F92CB6FA9000A0E3CF /* Base in Resources */ = {isa = PBXBuildFile; fileRef = C19A42F82CB6FA9000A0E3CF /* Base */; };
		C19A43042CB6FA9000A0E3CF /* calcuTests.swift in Sources */ = {isa = PBXBuildFile; fileRef = C19A43032CB6FA9000A0E3CF /* calcuTests.swift */; };
		C19A430E2CB6FA9000A0E3CF /* calcuUITests.swift in Sources */ = {isa = PBXBuildFile; fileRef = C19A430D2CB6FA9000A0E3CF /* calcuUITests.swift */; };
		C19A43102CB6FA9000A0E3CF /* calcuUITestsLaunchTests.swift in Sources */ = {isa = PBXBuildFile; fileRef = C19A430F2CB6FA9000A0E3CF /* calcuUITestsLaunchTests.swift */; };
/* End PBXBuildFile section */

/* Begin PBXContainerItemProxy section */
		C19A43002CB6FA9000A0E3CF /* PBXContainerItemProxy */ = {
			isa = PBXContainerItemProxy;
			containerPortal = C19A42E12CB6FA8F00A0E3CF /* Project object */;
			proxyType = 1;
			remoteGlobalIDString = C19A42E82CB6FA8F00A0E3CF;
			remoteInfo = calcu;
		};
		C19A430A2CB6FA9000A0E3CF /* PBXContainerItemProxy */ = {
			isa = PBXContainerItemProxy;
			containerPortal = C19A42E12CB6FA8F00A0E3CF /* Project object */;
			proxyType = 1;
			remoteGlobalIDString = C19A42E82CB6FA8F00A0E3CF;
			remoteInfo = calcu;
		};
/* End PBXContainerItemProxy section */

/* Begin PBXFileReference section */
		C19A42E92CB6FA8F00A0E3CF /* calcu.app */ = {isa = PBXFileReference; explicitFileType = wrapper.application; includeInIndex = 0; path = calcu.app; sourceTree = BUILT_PRODUCTS_DIR; };
		C19A42EC2CB6FA8F00A0E3CF /* AppDelegate.swift */ = {isa = PBXFileReference; lastKnownFileType = sourcecode.swift; path = AppDelegate.swift; sourceTree = "<group>"; };
		C19A42EE2CB6FA8F00A0E3CF /* SceneDelegate.swift */ = {isa = PBXFileReference; lastKnownFileType = sourcecode.swift; path = SceneDelegate.swift; sourceTree = "<group>"; };
		C19A42F02CB6FA8F00A0E3CF /* ViewController.swift */ = {isa = PBXFileReference; lastKnownFileType = sourcecode.swift; path = ViewController.swift; sourceTree = "<group>"; };
		C19A42F32CB6FA8F00A0E3CF /* Base */ = {isa = PBXFileReference; lastKnownFileType = file.storyboard; name = Base; path = Base.lproj/Main.storyboard; sourceTree = "<group>"; };
		C19A42F52CB6FA9000A0E3CF /* Assets.xcassets */ = {isa = PBXFileReference; lastKnownFileType = folder.assetcatalog; path = Assets.xcassets; sourceTree = "<group>"; };
		C19A42F82CB6FA9000A0E3CF /* Base */ = {isa = PBXFileReference; lastKnownFileType = file.storyboard; name = Base; path = Base.lproj/LaunchScreen.storyboard; sourceTree = "<group>"; };
		C19A42FA2CB6FA9000A0E3CF /* Info.plist */ = {isa = PBXFileReference; lastKnownFileType = text.plist.xml; path = Info.plist; sourceTree = "<group>"; };
		C19A42FF2CB6FA9000A0E3CF /* calcuTests.xctest */ = {isa = PBXFileReference; explicitFileType = wrapper.cfbundle; includeInIndex = 0; path = calcuTests.xctest; sourceTree = BUILT_PRODUCTS_DIR; };
		C19A43032CB6FA9000A0E3CF /* calcuTests.swift */ = {isa = PBXFileReference; lastKnownFileType = sourcecode.swift; path = calcuTests.swift; sourceTree = "<group>"; };
		C19A43092CB6FA9000A0E3CF /* calcuUITests.xctest */ = {isa = PBXFileReference; explicitFileType = wrapper.cfbundle; includeInIndex = 0; path = calcuUITests.xctest; sourceTree = BUILT_PRODUCTS_DIR; };
		C19A430D2CB6FA9000A0E3CF /* calcuUITests.swift */ = {isa = PBXFileReference; lastKnownFileType = sourcecode.swift; path = calcuUITests.swift; sourceTree = "<group>"; };
		C19A430F2CB6FA9000A0E3CF /* calcuUITestsLaunchTests.swift */ = {isa = PBXFileReference; lastKnownFileType = sourcecode.swift; path = calcuUITestsLaunchTests.swift; sourceTree = "<group>"; };
/* End PBXFileReference section */

/* Begin PBXFrameworksBuildPhase section */
		C19A42E62CB6FA8F00A0E3CF /* Frameworks */ = {
			isa = PBXFrameworksBuildPhase;
			buildActionMask = 2147483647;
			files = (
			);
			runOnlyForDeploymentPostprocessing = 0;
		};
		C19A42FC2CB6FA9000A0E3CF /* Frameworks */ = {
			isa = PBXFrameworksBuildPhase;
			buildActionMask = 2147483647;
			files = (
			);
			runOnlyForDeploymentPostprocessing = 0;
		};
		C19A43062CB6FA9000A0E3CF /* Frameworks */ = {
			isa = PBXFrameworksBuildPhase;
			buildActionMask = 2147483647;
			files = (
			);
			runOnlyForDeploymentPostprocessing = 0;
		};
/* End PBXFrameworksBuildPhase section */

/* Begin PBXGroup section */
		C19A42E02CB6FA8F00A0E3CF = {
			isa = PBXGroup;
			children = (
				C19A42EB2CB6FA8F00A0E3CF /* calcu */,
				C19A43022CB6FA9000A0E3CF /* calcuTests */,
				C19A430C2CB6FA9000A0E3CF /* calcuUITests */,
				C19A42EA2CB6FA8F00A0E3CF /* Products */,
			);
			sourceTree = "<group>";
		};
		C19A42EA2CB6FA8F00A0E3CF /* Products */ = {
			isa = PBXGroup;
			children = (
				C19A42E92CB6FA8F00A0E3CF /* calcu.app */,
				C19A42FF2CB6FA9000A0E3CF /* calcuTests.xctest */,
				C19A43092CB6FA9000A0E3CF /* calcuUITests.xctest */,
			);
			name = Products;
			sourceTree = "<group>";
		};
		C19A42EB2CB6FA8F00A0E3CF /* calcu */ = {
			isa = PBXGroup;
			children = (
				C19A42EC2CB6FA8F00A0E3CF /* AppDelegate.swift */,
				C19A42EE2CB6FA8F00A0E3CF /* SceneDelegate.swift */,
				C19A42F02CB6FA8F00A0E3CF /* ViewController.swift */,
				C19A42F22CB6FA8F00A0E3CF /* Main.storyboard */,
				C19A42F52CB6FA9000A0E3CF /* Assets.xcassets */,
				C19A42F72CB6FA9000A0E3CF /* LaunchScreen.storyboard */,
				C19A42FA2CB6FA9000A0E3CF /* Info.plist */,
			);
			path = calcu;
			sourceTree = "<group>";
		};
		C19A43022CB6FA9000A0E3CF /* calcuTests */ = {
			isa = PBXGroup;
			children = (
				C19A43032CB6FA9000A0E3CF /* calcuTests.swift */,
			);
			path = calcuTests;
			sourceTree = "<group>";
		};
		C19A430C2CB6FA9000A0E3CF /* calcuUITests */ = {
			isa = PBXGroup;
			children = (
				C19A430D2CB6FA9000A0E3CF /* calcuUITests.swift */,
				C19A430F2CB6FA9000A0E3CF /* calcuUITestsLaunchTests.swift */,
			);
			path = calcuUITests;
			sourceTree = "<group>";
		};
/* End PBXGroup section */

/* Begin PBXNativeTarget section */
		C19A42E82CB6FA8F00A0E3CF /* calcu */ = {
			isa = PBXNativeTarget;
			buildConfigurationList = C19A43132CB6FA9000A0E3CF /* Build configuration list for PBXNativeTarget "calcu" */;
			buildPhases = (
				C19A42E52CB6FA8F00A0E3CF /* Sources */,
				C19A42E62CB6FA8F00A0E3CF /* Frameworks */,
				C19A42E72CB6FA8F00A0E3CF /* Resources */,
			);
			buildRules = (
			);
			dependencies = (
			);
			name = calcu;
			productName = calcu;
			productReference = C19A42E92CB6FA8F00A0E3CF /* calcu.app */;
			productType = "com.apple.product-type.application";
		};
		C19A42FE2CB6FA9000A0E3CF /* calcuTests */ = {
			isa = PBXNativeTarget;
			buildConfigurationList = C19A43162CB6FA9000A0E3CF /* Build configuration list for PBXNativeTarget "calcuTests" */;
			buildPhases = (
				C19A42FB2CB6FA9000A0E3CF /* Sources */,
				C19A42FC2CB6FA9000A0E3CF /* Frameworks */,
				C19A42FD2CB6FA9000A0E3CF /* Resources */,
			);
			buildRules = (
			);
			dependencies = (
				C19A43012CB6FA9000A0E3CF /* PBXTargetDependency */,
			);
			name = calcuTests;
			productName = calcuTests;
			productReference = C19A42FF2CB6FA9000A0E3CF /* calcuTests.xctest */;
			productType = "com.apple.product-type.bundle.unit-test";
		};
		C19A43082CB6FA9000A0E3CF /* calcuUITests */ = {
			isa = PBXNativeTarget;
			buildConfigurationList = C19A43192CB6FA9000A0E3CF /* Build configuration list for PBXNativeTarget "calcuUITests" */;
			buildPhases = (
				C19A43052CB6FA9000A0E3CF /* Sources */,
				C19A43062CB6FA9000A0E3CF /* Frameworks */,
				C19A43072CB6FA9000A0E3CF /* Resources */,
			);
			buildRules = (
			);
			dependencies = (
				C19A430B2CB6FA9000A0E3CF /* PBXTargetDependency */,
			);
			name = calcuUITests;
			productName = calcuUITests;
			productReference = C19A43092CB6FA9000A0E3CF /* calcuUITests.xctest */;
			productType = "com.apple.product-type.bundle.ui-testing";
		};
/* End PBXNativeTarget section */

/* Begin PBXProject section */
		C19A42E12CB6FA8F00A0E3CF /* Project object */ = {
			isa = PBXProject;
			attributes = {
				BuildIndependentTargetsInParallel = 1;
				LastSwiftUpdateCheck = 1540;
				LastUpgradeCheck = 1540;
				TargetAttributes = {
					C19A42E82CB6FA8F00A0E3CF = {
						CreatedOnToolsVersion = 15.4;
					};
					C19A42FE2CB6FA9000A0E3CF = {
						CreatedOnToolsVersion = 15.4;
						TestTargetID = C19A42E82CB6FA8F00A0E3CF;
					};
					C19A43082CB6FA9000A0E3CF = {
						CreatedOnToolsVersion = 15.4;
						TestTargetID = C19A42E82CB6FA8F00A0E3CF;
					};
				};
			};
			buildConfigurationList = C19A42E42CB6FA8F00A0E3CF /* Build configuration list for PBXProject "calcu" */;
			compatibilityVersion = "Xcode 14.0";
			developmentRegion = en;
			hasScannedForEncodings = 0;
			knownRegions = (
				en,
				Base,
			);
			mainGroup = C19A42E02CB6FA8F00A0E3CF;
			productRefGroup = C19A42EA2CB6FA8F00A0E3CF /* Products */;
			projectDirPath = "";
			projectRoot = "";
			targets = (
				C19A42E82CB6FA8F00A0E3CF /* calcu */,
				C19A42FE2CB6FA9000A0E3CF /* calcuTests */,
				C19A43082CB6FA9000A0E3CF /* calcuUITests */,
			);
		};
/* End PBXProject section */

/* Begin PBXResourcesBuildPhase section */
		C19A42E72CB6FA8F00A0E3CF /* Resources */ = {
			isa = PBXResourcesBuildPhase;
			buildActionMask = 2147483647;
			files = (
				C19A42F62CB6FA9000A0E3CF /* Assets.xcassets in Resources */,
				C19A42F92CB6FA9000A0E3CF /* Base in Resources */,
				C19A42F42CB6FA8F00A0E3CF /* Base in Resources */,
			);
			runOnlyForDeploymentPostprocessing = 0;
		};
		C19A42FD2CB6FA9000A0E3CF /* Resources */ = {
			isa = PBXResourcesBuildPhase;
			buildActionMask = 2147483647;
			files = (
			);
			runOnlyForDeploymentPostprocessing = 0;
		};
		C19A43072CB6FA9000A0E3CF /* Resources */ = {
			isa = PBXResourcesBuildPhase;
			buildActionMask = 2147483647;
			files = (
			);
			runOnlyForDeploymentPostprocessing = 0;
		};
/* End PBXResourcesBuildPhase section */

/* Begin PBXSourcesBuildPhase section */
		C19A42E52CB6FA8F00A0E3CF /* Sources */ = {
			isa = PBXSourcesBuildPhase;
			buildActionMask = 2147483647;
			files = (
				C19A42F12CB6FA8F00A0E3CF /* ViewController.swift in Sources */,
				C19A42ED2CB6FA8F00A0E3CF /* AppDelegate.swift in Sources */,
				C19A42EF2CB6FA8F00A0E3CF /* SceneDelegate.swift in Sources */,
			);
			runOnlyForDeploymentPostprocessing = 0;
		};
		C19A42FB2CB6FA9000A0E3CF /* Sources */ = {
			isa = PBXSourcesBuildPhase;
			buildActionMask = 2147483647;
			files = (
				C19A43042CB6FA9000A0E3CF /* calcuTests.swift in Sources */,
			);
			runOnlyForDeploymentPostprocessing = 0;
		};
		C19A43052CB6FA9000A0E3CF /* Sources */ = {
			isa = PBXSourcesBuildPhase;
			buildActionMask = 2147483647;
			files = (
				C19A430E2CB6FA9000A0E3CF /* calcuUITests.swift in Sources */,
				C19A43102CB6FA9000A0E3CF /* calcuUITestsLaunchTests.swift in Sources */,
			);
			runOnlyForDeploymentPostprocessing = 0;
		};
/* End PBXSourcesBuildPhase section */

/* Begin PBXTargetDependency section */
		C19A43012CB6FA9000A0E3CF /* PBXTargetDependency */ = {
			isa = PBXTargetDependency;
			target = C19A42E82CB6FA8F00A0E3CF /* calcu */;
			targetProxy = C19A43002CB6FA9000A0E3CF /* PBXContainerItemProxy */;
		};
		C19A430B2CB6FA9000A0E3CF /* PBXTargetDependency */ = {
			isa = PBXTargetDependency;
			target = C19A42E82CB6FA8F00A0E3CF /* calcu */;
			targetProxy = C19A430A2CB6FA9000A0E3CF /* PBXContainerItemProxy */;
		};
/* End PBXTargetDependency section */

/* Begin PBXVariantGroup section */
		C19A42F22CB6FA8F00A0E3CF /* Main.storyboard */ = {
			isa = PBXVariantGroup;
			children = (
				C19A42F32CB6FA8F00A0E3CF /* Base */,
			);
			name = Main.storyboard;
			sourceTree = "<group>";
		};
		C19A42F72CB6FA9000A0E3CF /* LaunchScreen.storyboard */ = {
			isa = PBXVariantGroup;
			children = (
				C19A42F82CB6FA9000A0E3CF /* Base */,
			);
			name = LaunchScreen.storyboard;
			sourceTree = "<group>";
		};
/* End PBXVariantGroup section */

/* Begin XCBuildConfiguration section */
		C19A43112CB6FA9000A0E3CF /* Debug */ = {
			isa = XCBuildConfiguration;
			buildSettings = {
				ALWAYS_SEARCH_USER_PATHS = NO;
				ASSETCATALOG_COMPILER_GENERATE_SWIFT_ASSET_SYMBOL_EXTENSIONS = YES;
				CLANG_ANALYZER_NONNULL = YES;
				CLANG_ANALYZER_NUMBER_OBJECT_CONVERSION = YES_AGGRESSIVE;
				CLANG_CXX_LANGUAGE_STANDARD = "gnu++20";
				CLANG_ENABLE_MODULES = YES;
				CLANG_ENABLE_OBJC_ARC = YES;
				CLANG_ENABLE_OBJC_WEAK = YES;
				CLANG_WARN_BLOCK_CAPTURE_AUTORELEASING = YES;
				CLANG_WARN_BOOL_CONVERSION = YES;
				CLANG_WARN_COMMA = YES;
				CLANG_WARN_CONSTANT_CONVERSION = YES;
				CLANG_WARN_DEPRECATED_OBJC_IMPLEMENTATIONS = YES;
				CLANG_WARN_DIRECT_OBJC_ISA_USAGE = YES_ERROR;
				CLANG_WARN_DOCUMENTATION_COMMENTS = YES;
				CLANG_WARN_EMPTY_BODY = YES;
				CLANG_WARN_ENUM_CONVERSION = YES;
				CLANG_WARN_INFINITE_RECURSION = YES;
				CLANG_WARN_INT_CONVERSION = YES;
				CLANG_WARN_NON_LITERAL_NULL_CONVERSION = YES;
				CLANG_WARN_OBJC_IMPLICIT_RETAIN_SELF = YES;
				CLANG_WARN_OBJC_LITERAL_CONVERSION = YES;
				CLANG_WARN_OBJC_ROOT_CLASS = YES_ERROR;
				CLANG_WARN_QUOTED_INCLUDE_IN_FRAMEWORK_HEADER = YES;
				CLANG_WARN_RANGE_LOOP_ANALYSIS = YES;
				CLANG_WARN_STRICT_PROTOTYPES = YES;
				CLANG_WARN_SUSPICIOUS_MOVE = YES;
				CLANG_WARN_UNGUARDED_AVAILABILITY = YES_AGGRESSIVE;
				CLANG_WARN_UNREACHABLE_CODE = YES;
				CLANG_WARN__DUPLICATE_METHOD_MATCH = YES;
				COPY_PHASE_STRIP = NO;
				DEBUG_INFORMATION_FORMAT = dwarf;
				ENABLE_STRICT_OBJC_MSGSEND = YES;
				ENABLE_TESTABILITY = YES;
				ENABLE_USER_SCRIPT_SANDBOXING = YES;
				GCC_C_LANGUAGE_STANDARD = gnu17;
				GCC_DYNAMIC_NO_PIC = NO;
				GCC_NO_COMMON_BLOCKS = YES;
				GCC_OPTIMIZATION_LEVEL = 0;
				GCC_PREPROCESSOR_DEFINITIONS = (
					"DEBUG=1",
					"$(inherited)",
				);
				GCC_WARN_64_TO_32_BIT_CONVERSION = YES;
				GCC_WARN_ABOUT_RETURN_TYPE = YES_ERROR;
				GCC_WARN_UNDECLARED_SELECTOR = YES;
				GCC_WARN_UNINITIALIZED_AUTOS = YES_AGGRESSIVE;
				GCC_WARN_UNUSED_FUNCTION = YES;
				GCC_WARN_UNUSED_VARIABLE = YES;
				IPHONEOS_DEPLOYMENT_TARGET = 17.5;
				LOCALIZATION_PREFERS_STRING_CATALOGS = YES;
				MTL_ENABLE_DEBUG_INFO = INCLUDE_SOURCE;
				MTL_FAST_MATH = YES;
				ONLY_ACTIVE_ARCH = YES;
				SDKROOT = iphoneos;
				SWIFT_ACTIVE_COMPILATION_CONDITIONS = "DEBUG $(inherited)";
				SWIFT_OPTIMIZATION_LEVEL = "-Onone";
			};
			name = Debug;
		};
		C19A43122CB6FA9000A0E3CF /* Release */ = {
			isa = XCBuildConfiguration;
			buildSettings = {
				ALWAYS_SEARCH_USER_PATHS = NO;
				ASSETCATALOG_COMPILER_GENERATE_SWIFT_ASSET_SYMBOL_EXTENSIONS = YES;
				CLANG_ANALYZER_NONNULL = YES;
				CLANG_ANALYZER_NUMBER_OBJECT_CONVERSION = YES_AGGRESSIVE;
				CLANG_CXX_LANGUAGE_STANDARD = "gnu++20";
				CLANG_ENABLE_MODULES = YES;
				CLANG_ENABLE_OBJC_ARC = YES;
				CLANG_ENABLE_OBJC_WEAK = YES;
				CLANG_WARN_BLOCK_CAPTURE_AUTORELEASING = YES;
				CLANG_WARN_BOOL_CONVERSION = YES;
				CLANG_WARN_COMMA = YES;
				CLANG_WARN_CONSTANT_CONVERSION = YES;
				CLANG_WARN_DEPRECATED_OBJC_IMPLEMENTATIONS = YES;
				CLANG_WARN_DIRECT_OBJC_ISA_USAGE = YES_ERROR;
				CLANG_WARN_DOCUMENTATION_COMMENTS = YES;
				CLANG_WARN_EMPTY_BODY = YES;
				CLANG_WARN_ENUM_CONVERSION = YES;
				CLANG_WARN_INFINITE_RECURSION = YES;
				CLANG_WARN_INT_CONVERSION = YES;
				CLANG_WARN_NON_LITERAL_NULL_CONVERSION = YES;
				CLANG_WARN_OBJC_IMPLICIT_RETAIN_SELF = YES;
				CLANG_WARN_OBJC_LITERAL_CONVERSION = YES;
				CLANG_WARN_OBJC_ROOT_CLASS = YES_ERROR;
				CLANG_WARN_QUOTED_INCLUDE_IN_FRAMEWORK_HEADER = YES;
				CLANG_WARN_RANGE_LOOP_ANALYSIS = YES;
				CLANG_WARN_STRICT_PROTOTYPES = YES;
				CLANG_WARN_SUSPICIOUS_MOVE = YES;
				CLANG_WARN_UNGUARDED_AVAILABILITY = YES_AGGRESSIVE;
				CLANG_WARN_UNREACHABLE_CODE = YES;
				CLANG_WARN__DUPLICATE_METHOD_MATCH = YES;
				COPY_PHASE_STRIP = NO;
				DEBUG_INFORMATION_FORMAT = "dwarf-with-dsym";
				ENABLE_NS_ASSERTIONS = NO;
				ENABLE_STRICT_OBJC_MSGSEND = YES;
				ENABLE_USER_SCRIPT_SANDBOXING = YES;
				GCC_C_LANGUAGE_STANDARD = gnu17;
				GCC_NO_COMMON_BLOCKS = YES;
				GCC_WARN_64_TO_32_BIT_CONVERSION = YES;
				GCC_WARN_ABOUT_RETURN_TYPE = YES_ERROR;
				GCC_WARN_UNDECLARED_SELECTOR = YES;
				GCC_WARN_UNINITIALIZED_AUTOS = YES_AGGRESSIVE;
				GCC_WARN_UNUSED_FUNCTION = YES;
				GCC_WARN_UNUSED_VARIABLE = YES;
				IPHONEOS_DEPLOYMENT_TARGET = 17.5;
				LOCALIZATION_PREFERS_STRING_CATALOGS = YES;
				MTL_ENABLE_DEBUG_INFO = NO;
				MTL_FAST_MATH = YES;
				SDKROOT = iphoneos;
				SWIFT_COMPILATION_MODE = wholemodule;
				VALIDATE_PRODUCT = YES;
			};
			name = Release;
		};
		C19A43142CB6FA9000A0E3CF /* Debug */ = {
			isa = XCBuildConfiguration;
			buildSettings = {
				ASSETCATALOG_COMPILER_APPICON_NAME = AppIcon;
				ASSETCATALOG_COMPILER_GLOBAL_ACCENT_COLOR_NAME = AccentColor;
				CODE_SIGN_STYLE = Automatic;
				CURRENT_PROJECT_VERSION = 1;
				GENERATE_INFOPLIST_FILE = YES;
				INFOPLIST_FILE = calcu/Info.plist;
				INFOPLIST_KEY_UIApplicationSupportsIndirectInputEvents = YES;
				INFOPLIST_KEY_UILaunchStoryboardName = LaunchScreen;
				INFOPLIST_KEY_UIMainStoryboardFile = Main;
				INFOPLIST_KEY_UISupportedInterfaceOrientations_iPad = "UIInterfaceOrientationPortrait UIInterfaceOrientationPortraitUpsideDown UIInterfaceOrientationLandscapeLeft UIInterfaceOrientationLandscapeRight";
				INFOPLIST_KEY_UISupportedInterfaceOrientations_iPhone = "UIInterfaceOrientationPortrait UIInterfaceOrientationLandscapeLeft UIInterfaceOrientationLandscapeRight";
				LD_RUNPATH_SEARCH_PATHS = (
					"$(inherited)",
					"@executable_path/Frameworks",
				);
				MARKETING_VERSION = 1.0;
				PRODUCT_BUNDLE_IDENTIFIER = Academy.calcu;
				PRODUCT_NAME = "$(TARGET_NAME)";
				SWIFT_EMIT_LOC_STRINGS = YES;
				SWIFT_VERSION = 5.0;
				TARGETED_DEVICE_FAMILY = "1,2";
			};
			name = Debug;
		};
		C19A43152CB6FA9000A0E3CF /* Release */ = {
			isa = XCBuildConfiguration;
			buildSettings = {
				ASSETCATALOG_COMPILER_APPICON_NAME = AppIcon;
				ASSETCATALOG_COMPILER_GLOBAL_ACCENT_COLOR_NAME = AccentColor;
				CODE_SIGN_STYLE = Automatic;
				CURRENT_PROJECT_VERSION = 1;
				GENERATE_INFOPLIST_FILE = YES;
				INFOPLIST_FILE = calcu/Info.plist;
				INFOPLIST_KEY_UIApplicationSupportsIndirectInputEvents = YES;
				INFOPLIST_KEY_UILaunchStoryboardName = LaunchScreen;
				INFOPLIST_KEY_UIMainStoryboardFile = Main;
				INFOPLIST_KEY_UISupportedInterfaceOrientations_iPad = "UIInterfaceOrientationPortrait UIInterfaceOrientationPortraitUpsideDown UIInterfaceOrientationLandscapeLeft UIInterfaceOrientationLandscapeRight";
				INFOPLIST_KEY_UISupportedInterfaceOrientations_iPhone = "UIInterfaceOrientationPortrait UIInterfaceOrientationLandscapeLeft UIInterfaceOrientationLandscapeRight";
				LD_RUNPATH_SEARCH_PATHS = (
					"$(inherited)",
					"@executable_path/Frameworks",
				);
				MARKETING_VERSION = 1.0;
				PRODUCT_BUNDLE_IDENTIFIER = Academy.calcu;
				PRODUCT_NAME = "$(TARGET_NAME)";
				SWIFT_EMIT_LOC_STRINGS = YES;
				SWIFT_VERSION = 5.0;
				TARGETED_DEVICE_FAMILY = "1,2";
			};
			name = Release;
		};
		C19A43172CB6FA9000A0E3CF /* Debug */ = {
			isa = XCBuildConfiguration;
			buildSettings = {
				ALWAYS_EMBED_SWIFT_STANDARD_LIBRARIES = YES;
				BUNDLE_LOADER = "$(TEST_HOST)";
				CODE_SIGN_STYLE = Automatic;
				CURRENT_PROJECT_VERSION = 1;
				GENERATE_INFOPLIST_FILE = YES;
				IPHONEOS_DEPLOYMENT_TARGET = 17.5;
				MARKETING_VERSION = 1.0;
				PRODUCT_BUNDLE_IDENTIFIER = Academy.calcuTests;
				PRODUCT_NAME = "$(TARGET_NAME)";
				SWIFT_EMIT_LOC_STRINGS = NO;
				SWIFT_VERSION = 5.0;
				TARGETED_DEVICE_FAMILY = "1,2";
				TEST_HOST = "$(BUILT_PRODUCTS_DIR)/calcu.app/$(BUNDLE_EXECUTABLE_FOLDER_PATH)/calcu";
			};
			name = Debug;
		};
		C19A43182CB6FA9000A0E3CF /* Release */ = {
			isa = XCBuildConfiguration;
			buildSettings = {
				ALWAYS_EMBED_SWIFT_STANDARD_LIBRARIES = YES;
				BUNDLE_LOADER = "$(TEST_HOST)";
				CODE_SIGN_STYLE = Automatic;
				CURRENT_PROJECT_VERSION = 1;
				GENERATE_INFOPLIST_FILE = YES;
				IPHONEOS_DEPLOYMENT_TARGET = 17.5;
				MARKETING_VERSION = 1.0;
				PRODUCT_BUNDLE_IDENTIFIER = Academy.calcuTests;
				PRODUCT_NAME = "$(TARGET_NAME)";
				SWIFT_EMIT_LOC_STRINGS = NO;
				SWIFT_VERSION = 5.0;
				TARGETED_DEVICE_FAMILY = "1,2";
				TEST_HOST = "$(BUILT_PRODUCTS_DIR)/calcu.app/$(BUNDLE_EXECUTABLE_FOLDER_PATH)/calcu";
			};
			name = Release;
		};
		C19A431A2CB6FA9000A0E3CF /* Debug */ = {
			isa = XCBuildConfiguration;
			buildSettings = {
				ALWAYS_EMBED_SWIFT_STANDARD_LIBRARIES = YES;
				CODE_SIGN_STYLE = Automatic;
				CURRENT_PROJECT_VERSION = 1;
				GENERATE_INFOPLIST_FILE = YES;
				MARKETING_VERSION = 1.0;
				PRODUCT_BUNDLE_IDENTIFIER = Academy.calcuUITests;
				PRODUCT_NAME = "$(TARGET_NAME)";
				SWIFT_EMIT_LOC_STRINGS = NO;
				SWIFT_VERSION = 5.0;
				TARGETED_DEVICE_FAMILY = "1,2";
				TEST_TARGET_NAME = calcu;
			};
			name = Debug;
		};
		C19A431B2CB6FA9000A0E3CF /* Release */ = {
			isa = XCBuildConfiguration;
			buildSettings = {
				ALWAYS_EMBED_SWIFT_STANDARD_LIBRARIES = YES;
				CODE_SIGN_STYLE = Automatic;
				CURRENT_PROJECT_VERSION = 1;
				GENERATE_INFOPLIST_FILE = YES;
				MARKETING_VERSION = 1.0;
				PRODUCT_BUNDLE_IDENTIFIER = Academy.calcuUITests;
				PRODUCT_NAME = "$(TARGET_NAME)";
				SWIFT_EMIT_LOC_STRINGS = NO;
				SWIFT_VERSION = 5.0;
				TARGETED_DEVICE_FAMILY = "1,2";
				TEST_TARGET_NAME = calcu;
			};
			name = Release;
		};
/* End XCBuildConfiguration section */

/* Begin XCConfigurationList section */
		C19A42E42CB6FA8F00A0E3CF /* Build configuration list for PBXProject "calcu" */ = {
			isa = XCConfigurationList;
			buildConfigurations = (
				C19A43112CB6FA9000A0E3CF /* Debug */,
				C19A43122CB6FA9000A0E3CF /* Release */,
			);
			defaultConfigurationIsVisible = 0;
			defaultConfigurationName = Release;
		};
		C19A43132CB6FA9000A0E3CF /* Build configuration list for PBXNativeTarget "calcu" */ = {
			isa = XCConfigurationList;
			buildConfigurations = (
				C19A43142CB6FA9000A0E3CF /* Debug */,
				C19A43152CB6FA9000A0E3CF /* Release */,
			);
			defaultConfigurationIsVisible = 0;
			defaultConfigurationName = Release;
		};
		C19A43162CB6FA9000A0E3CF /* Build configuration list for PBXNativeTarget "calcuTests" */ = {
			isa = XCConfigurationList;
			buildConfigurations = (
				C19A43172CB6FA9000A0E3CF /* Debug */,
				C19A43182CB6FA9000A0E3CF /* Release */,
			);
			defaultConfigurationIsVisible = 0;
			defaultConfigurationName = Release;
		};
		C19A43192CB6FA9000A0E3CF /* Build configuration list for PBXNativeTarget "calcuUITests" */ = {
			isa = XCConfigurationList;
			buildConfigurations = (
				C19A431A2CB6FA9000A0E3CF /* Debug */,
				C19A431B2CB6FA9000A0E3CF /* Release */,
			);
			defaultConfigurationIsVisible = 0;
			defaultConfigurationName = Release;
		};
/* End XCConfigurationList section */
	};
	rootObject = C19A42E12CB6FA8F00A0E3CF /* Project object */;
}
